
Microsoft Visual Studio Solution File, Format Version 12.00
# Visual Studio 14
VisualStudioVersion = 14.0.25420.1
MinimumVisualStudioVersion = 10.0.40219.1
Project("{FAE04EC0-301F-11D3-BF4B-00C04F79EFBC}") = "Erp2017", "Erp2017\Erp2017.csproj", "{1CF3E103-7BDF-451E-9990-D9D504969CAC}"
EndProject
Project("{FAE04EC0-301F-11D3-BF4B-00C04F79EFBC}") = "Erp2017.test", "Erp2017.test\Erp2017.test.csproj", "{8D513022-0385-449E-A596-49EE687BA6E7}"
EndProject
Project("{FAE04EC0-301F-11D3-BF4B-00C04F79EFBC}") = "Erp2017.Data", "Erp2017.Data\Erp2017.Data.csproj", "{44945FFB-5799-4727-B0E0-68E3C10B196E}"
EndProject
Global
	GlobalSection(SolutionConfigurationPlatforms) = preSolution
		Debug|Any CPU = Debug|Any CPU
		Release|Any CPU = Release|Any CPU
	EndGlobalSection
	GlobalSection(ProjectConfigurationPlatforms) = postSolution
		{1CF3E103-7BDF-451E-9990-D9D504969CAC}.Debug|Any CPU.ActiveCfg = Debug|Any CPU
		{1CF3E103-7BDF-451E-9990-D9D504969CAC}.Debug|Any CPU.Build.0 = Debug|Any CPU
		{1CF3E103-7BDF-451E-9990-D9D504969CAC}.Release|Any CPU.ActiveCfg = Release|Any CPU
		{1CF3E103-7BDF-451E-9990-D9D504969CAC}.Release|Any CPU.Build.0 = Release|Any CPU
		{8D513022-0385-449E-A596-49EE687BA6E7}.Debug|Any CPU.ActiveCfg = Debug|Any CPU
		{8D513022-0385-449E-A596-49EE687BA6E7}.Debug|Any CPU.Build.0 = Debug|Any CPU
		{8D513022-0385-449E-A596-49EE687BA6E7}.Release|Any CPU.ActiveCfg = Release|Any CPU
		{8D513022-0385-449E-A596-49EE687BA6E7}.Release|Any CPU.Build.0 = Release|Any CPU
		{44945FFB-5799-4727-B0E0-68E3C10B196E}.Debug|Any CPU.ActiveCfg = Debug|Any CPU
		{44945FFB-5799-4727-B0E0-68E3C10B196E}.Debug|Any CPU.Build.0 = Debug|Any CPU
		{44945FFB-5799-4727-B0E0-68E3C10B196E}.Release|Any CPU.ActiveCfg = Release|Any CPU
		{44945FFB-5799-4727-B0E0-68E3C10B196E}.Release|Any CPU.Build.0 = Release|Any CPU
	EndGlobalSection
	GlobalSection(SolutionProperties) = preSolution
		HideSolutionNode = FALSE
	EndGlobalSection
EndGlobal
